# This file is automatically @generated by Cargo.
# It is not intended for manual editing.
version = 4

[[package]]
name = "bitflags"
version = "2.11.1"
source = "registry+https://github.com/rust-lang/crates.io-index"
checksum = "c4512299f36f043ab09a583e57bceb5a5aab7a73db1805848e8fef3c9e8c78b3"

[[package]]
name = "equivalent"
version = "1.0.2"
source = "registry+https://github.com/rust-lang/crates.io-index"
checksum = "877a4ace8713b0bcf2a4e7eec82529c029f1d0619886d18145fea96c3ffe5c0f"

[[package]]
name = "hashbrown"
version = "0.17.1"
source = "registry+https://github.com/rust-lang/crates.io-index"
checksum = "ed5909b6e89a2db4456e54cd5f673791d7eca6732202bbf2a9cc504fe2f9b84a"

[[package]]
name = "indexmap"
version = "2.14.0"
source = "registry+https://github.com/rust-lang/crates.io-index"
checksum = "d466e9454f08e4a911e14806c24e16fba1b4c121d1ea474396f396069cf949d9"
dependencies = [
 "equivalent",
 "hashbrown",
]

[[package]]
name = "kasl-ir"
version = "0.3.5"
source = "registry+https://github.com/rust-lang/crates.io-index"
checksum = "d563b10a7a1d30d71c0de4315a70cc7769465fc4ba85ceb00a1915ec07365344"

[[package]]
name = "kasl-wasm-backend"
version = "0.1.0"
dependencies = [
 "kasl-ir",
 "wasm-encoder",
]

[[package]]
name = "leb128fmt"
version = "0.1.0"
source = "registry+https://github.com/rust-lang/crates.io-index"
checksum = "09edd9e8b54e49e587e4f6295a7d29c3ea94d469cb40ab8ca70b288248a81db2"

[[package]]
name = "semver"
version = "1.0.28"
source = "registry+https://github.com/rust-lang/crates.io-index"
checksum = "8a7852d02fc848982e0c167ef163aaff9cd91dc640ba85e263cb1ce46fae51cd"

[[package]]
name = "wasm-encoder"
version = "0.248.0"
source = "registry+https://github.com/rust-lang/crates.io-index"
checksum = "ac92cf547bc18d27ecc521015c08c353b4f18b84ab388bb6d1b6b682c620d9b6"
dependencies = [
 "leb128fmt",
 "wasmparser",
]

[[package]]
name = "wasmparser"
version = "0.248.0"
source = "registry+https://github.com/rust-lang/crates.io-index"
checksum = "aa4439c5eee9df71ee0c6efb37f63b1fcb1fec38f85f5142c54e7ed05d33091a"
dependencies = [
 "bitflags",
 "indexmap",
 "semver",
]
